
Microsoft Visual Studio Solution File, Format Version 12.00
# Visual Studio Version 17
VisualStudioVersion = 17.4.33110.190
MinimumVisualStudioVersion = 10.0.40219.1
Project("{FAE04EC0-301F-11D3-BF4B-00C04F79EFBC}") = "ArrayHomework", "ArrayHomework\ArrayHomework.csproj", "{C7A4B0BE-B125-446E-B9D5-25CE062789DC}"
EndProject
Project("{FAE04EC0-301F-11D3-BF4B-00C04F79EFBC}") = "ArrayHomework1", "ArrayHomework1\ArrayHomework1.csproj", "{3A7DC2AC-DB62-4AEC-B437-4DD8CC252B4E}"
EndProject
Project("{FAE04EC0-301F-11D3-BF4B-00C04F79EFBC}") = "ArrayHomework2", "ArrayHomework2\ArrayHomework2.csproj", "{C56A3BCF-B7B1-4564-8CCB-B4130519D7B9}"
EndProject
Global
	GlobalSection(SolutionConfigurationPlatforms) = preSolution
		Debug|Any CPU = Debug|Any CPU
		Release|Any CPU = Release|Any CPU
	EndGlobalSection
	GlobalSection(ProjectConfigurationPlatforms) = postSolution
		{C7A4B0BE-B125-446E-B9D5-25CE062789DC}.Debug|Any CPU.ActiveCfg = Debug|Any CPU
		{C7A4B0BE-B125-446E-B9D5-25CE062789DC}.Debug|Any CPU.Build.0 = Debug|Any CPU
		{C7A4B0BE-B125-446E-B9D5-25CE062789DC}.Release|Any CPU.ActiveCfg = Release|Any CPU
		{C7A4B0BE-B125-446E-B9D5-25CE062789DC}.Release|Any CPU.Build.0 = Release|Any CPU
		{3A7DC2AC-DB62-4AEC-B437-4DD8CC252B4E}.Debug|Any CPU.ActiveCfg = Debug|Any CPU
		{3A7DC2AC-DB62-4AEC-B437-4DD8CC252B4E}.Debug|Any CPU.Build.0 = Debug|Any CPU
		{3A7DC2AC-DB62-4AEC-B437-4DD8CC252B4E}.Release|Any CPU.ActiveCfg = Release|Any CPU
		{3A7DC2AC-DB62-4AEC-B437-4DD8CC252B4E}.Release|Any CPU.Build.0 = Release|Any CPU
		{C56A3BCF-B7B1-4564-8CCB-B4130519D7B9}.Debug|Any CPU.ActiveCfg = Debug|Any CPU
		{C56A3BCF-B7B1-4564-8CCB-B4130519D7B9}.Debug|Any CPU.Build.0 = Debug|Any CPU
		{C56A3BCF-B7B1-4564-8CCB-B4130519D7B9}.Release|Any CPU.ActiveCfg = Release|Any CPU
		{C56A3BCF-B7B1-4564-8CCB-B4130519D7B9}.Release|Any CPU.Build.0 = Release|Any CPU
	EndGlobalSection
	GlobalSection(SolutionProperties) = preSolution
		HideSolutionNode = FALSE
	EndGlobalSection
	GlobalSection(ExtensibilityGlobals) = postSolution
		SolutionGuid = {0A1AB374-96BE-44A5-8941-D04846838593}
	EndGlobalSection
EndGlobal
